// !$*UTF8*$!
{
	archiveVersion = 1;
	classes = {
	};
	objectVersion = 50;
	objects = {

/* Begin PBXBuildFile section */
		840111C921515B260065D573 /* HouseListViewController.swift in Sources */ = {isa = PBXBuildFile; fileRef = 840111C721515B260065D573 /* HouseListViewController.swift */; };
		840111CA21515B260065D573 /* HouseListViewController.xib in Resources */ = {isa = PBXBuildFile; fileRef = 840111C821515B260065D573 /* HouseListViewController.xib */; };
		8405703D2149A1AC00BDCDB4 /* codeIsComing.png in Resources */ = {isa = PBXBuildFile; fileRef = 8405703C2149A1AC00BDCDB4 /* codeIsComing.png */; };
		840570402149A1B400BDCDB4 /* lannister.jpg in Resources */ = {isa = PBXBuildFile; fileRef = 8405703E2149A1B400BDCDB4 /* lannister.jpg */; };
		840570412149A1B400BDCDB4 /* targaryenSmall.jpg in Resources */ = {isa = PBXBuildFile; fileRef = 8405703F2149A1B400BDCDB4 /* targaryenSmall.jpg */; };
		840570462149A32100BDCDB4 /* HouseDetailViewController.swift in Sources */ = {isa = PBXBuildFile; fileRef = 840570442149A32100BDCDB4 /* HouseDetailViewController.swift */; };
		840570472149A32100BDCDB4 /* HouseDetailViewController.xib in Resources */ = {isa = PBXBuildFile; fileRef = 840570452149A32100BDCDB4 /* HouseDetailViewController.xib */; };
		8405704A2149B9F400BDCDB4 /* UIViewController+Navigation.swift in Sources */ = {isa = PBXBuildFile; fileRef = 840570492149B9F400BDCDB4 /* UIViewController+Navigation.swift */; };
		8405704C2149BC0800BDCDB4 /* RepositoryTests.swift in Sources */ = {isa = PBXBuildFile; fileRef = 8405704B2149BC0800BDCDB4 /* RepositoryTests.swift */; };
		8405704F2149BCE200BDCDB4 /* Repository.swift in Sources */ = {isa = PBXBuildFile; fileRef = 8405704E2149BCE200BDCDB4 /* Repository.swift */; };
		8414C7D12150339A00077E80 /* WikiViewController.swift in Sources */ = {isa = PBXBuildFile; fileRef = 8414C7CF2150339A00077E80 /* WikiViewController.swift */; };
		8414C7D22150339A00077E80 /* WikiViewController.xib in Resources */ = {isa = PBXBuildFile; fileRef = 8414C7D02150339A00077E80 /* WikiViewController.xib */; };
		84425B692152AC90007F4131 /* Constants.swift in Sources */ = {isa = PBXBuildFile; fileRef = 84425B682152AC90007F4131 /* Constants.swift */; };
		84425B6B21594DE2007F4131 /* Notification+Name.swift in Sources */ = {isa = PBXBuildFile; fileRef = 84425B6A21594DE2007F4131 /* Notification+Name.swift */; };
		849036CD2146688F005201BD /* AppDelegate.swift in Sources */ = {isa = PBXBuildFile; fileRef = 849036CC2146688F005201BD /* AppDelegate.swift */; };
		849036D421466890005201BD /* Assets.xcassets in Resources */ = {isa = PBXBuildFile; fileRef = 849036D321466890005201BD /* Assets.xcassets */; };
		849036D721466890005201BD /* LaunchScreen.storyboard in Resources */ = {isa = PBXBuildFile; fileRef = 849036D521466890005201BD /* LaunchScreen.storyboard */; };
		849036ED21467446005201BD /* HouseTests.swift in Sources */ = {isa = PBXBuildFile; fileRef = 849036EC21467446005201BD /* HouseTests.swift */; };
		849036F0214675FF005201BD /* House.swift in Sources */ = {isa = PBXBuildFile; fileRef = 849036EF214675FF005201BD /* House.swift */; };
		849036F221467F3B005201BD /* Sigil.swift in Sources */ = {isa = PBXBuildFile; fileRef = 849036F121467F3B005201BD /* Sigil.swift */; };
		849036F42146C194005201BD /* PersonTests.swift in Sources */ = {isa = PBXBuildFile; fileRef = 849036F32146C194005201BD /* PersonTests.swift */; };
		849036F62146C1E2005201BD /* Person.swift in Sources */ = {isa = PBXBuildFile; fileRef = 849036F52146C1E2005201BD /* Person.swift */; };
		84EA1D39215189AD00F92B06 /* MemberListViewController.swift in Sources */ = {isa = PBXBuildFile; fileRef = 84EA1D37215189AD00F92B06 /* MemberListViewController.swift */; };
		84EA1D3A215189AD00F92B06 /* MemberListViewController.xib in Resources */ = {isa = PBXBuildFile; fileRef = 84EA1D38215189AD00F92B06 /* MemberListViewController.xib */; };
/* End PBXBuildFile section */

/* Begin PBXContainerItemProxy section */
		849036DE21466890005201BD /* PBXContainerItemProxy */ = {
			isa = PBXContainerItemProxy;
			containerPortal = 849036C12146688F005201BD /* Project object */;
			proxyType = 1;
			remoteGlobalIDString = 849036C82146688F005201BD;
			remoteInfo = Westeros;
		};
/* End PBXContainerItemProxy section */

/* Begin PBXFileReference section */
		840111C721515B260065D573 /* HouseListViewController.swift */ = {isa = PBXFileReference; lastKnownFileType = sourcecode.swift; path = HouseListViewController.swift; sourceTree = "<group>"; };
		840111C821515B260065D573 /* HouseListViewController.xib */ = {isa = PBXFileReference; lastKnownFileType = file.xib; path = HouseListViewController.xib; sourceTree = "<group>"; };
		8405703C2149A1AC00BDCDB4 /* codeIsComing.png */ = {isa = PBXFileReference; lastKnownFileType = image.png; path = codeIsComing.png; sourceTree = "<group>"; };
		8405703E2149A1B400BDCDB4 /* lannister.jpg */ = {isa = PBXFileReference; lastKnownFileType = image.jpeg; path = lannister.jpg; sourceTree = "<group>"; };
		8405703F2149A1B400BDCDB4 /* targaryenSmall.jpg */ = {isa = PBXFileReference; lastKnownFileType = image.jpeg; path = targaryenSmall.jpg; sourceTree = "<group>"; };
		840570442149A32100BDCDB4 /* HouseDetailViewController.swift */ = {isa = PBXFileReference; lastKnownFileType = sourcecode.swift; path = HouseDetailViewController.swift; sourceTree = "<group>"; };
		840570452149A32100BDCDB4 /* HouseDetailViewController.xib */ = {isa = PBXFileReference; lastKnownFileType = file.xib; path = HouseDetailViewController.xib; sourceTree = "<group>"; };
		840570492149B9F400BDCDB4 /* UIViewController+Navigation.swift */ = {isa = PBXFileReference; lastKnownFileType = sourcecode.swift; path = "UIViewController+Navigation.swift"; sourceTree = "<group>"; };
		8405704B2149BC0800BDCDB4 /* RepositoryTests.swift */ = {isa = PBXFileReference; lastKnownFileType = sourcecode.swift; path = RepositoryTests.swift; sourceTree = "<group>"; };
		8405704E2149BCE200BDCDB4 /* Repository.swift */ = {isa = PBXFileReference; lastKnownFileType = sourcecode.swift; path = Repository.swift; sourceTree = "<group>"; };
		840570502149C40600BDCDB4 /* FuncionesDeAltoNivelYClausuras.playground */ = {isa = PBXFileReference; lastKnownFileType = file.playground; name = FuncionesDeAltoNivelYClausuras.playground; path = ../FuncionesDeAltoNivelYClausuras.playground; sourceTree = "<group>"; xcLanguageSpecificationIdentifier = xcode.lang.swift; };
		8414C7CF2150339A00077E80 /* WikiViewController.swift */ = {isa = PBXFileReference; lastKnownFileType = sourcecode.swift; path = WikiViewController.swift; sourceTree = "<group>"; };
		8414C7D02150339A00077E80 /* WikiViewController.xib */ = {isa = PBXFileReference; lastKnownFileType = file.xib; path = WikiViewController.xib; sourceTree = "<group>"; };
		84425B682152AC90007F4131 /* Constants.swift */ = {isa = PBXFileReference; lastKnownFileType = sourcecode.swift; path = Constants.swift; sourceTree = "<group>"; };
		84425B6A21594DE2007F4131 /* Notification+Name.swift */ = {isa = PBXFileReference; lastKnownFileType = sourcecode.swift; path = "Notification+Name.swift"; sourceTree = "<group>"; };
		849036C92146688F005201BD /* Westeros.app */ = {isa = PBXFileReference; explicitFileType = wrapper.application; includeInIndex = 0; path = Westeros.app; sourceTree = BUILT_PRODUCTS_DIR; };
		849036CC2146688F005201BD /* AppDelegate.swift */ = {isa = PBXFileReference; lastKnownFileType = sourcecode.swift; path = AppDelegate.swift; sourceTree = "<group>"; };
		849036D321466890005201BD /* Assets.xcassets */ = {isa = PBXFileReference; lastKnownFileType = folder.assetcatalog; path = Assets.xcassets; sourceTree = "<group>"; };
		849036D621466890005201BD /* Base */ = {isa = PBXFileReference; lastKnownFileType = file.storyboard; name = Base; path = Base.lproj/LaunchScreen.storyboard; sourceTree = "<group>"; };
		849036D821466890005201BD /* Info.plist */ = {isa = PBXFileReference; lastKnownFileType = text.plist.xml; path = Info.plist; sourceTree = "<group>"; };
		849036DD21466890005201BD /* WesterosTests.xctest */ = {isa = PBXFileReference; explicitFileType = wrapper.cfbundle; includeInIndex = 0; path = WesterosTests.xctest; sourceTree = BUILT_PRODUCTS_DIR; };
		849036E321466890005201BD /* Info.plist */ = {isa = PBXFileReference; lastKnownFileType = text.plist.xml; path = Info.plist; sourceTree = "<group>"; };
		849036EC21467446005201BD /* HouseTests.swift */ = {isa = PBXFileReference; lastKnownFileType = sourcecode.swift; path = HouseTests.swift; sourceTree = "<group>"; };
		849036EF214675FF005201BD /* House.swift */ = {isa = PBXFileReference; lastKnownFileType = sourcecode.swift; path = House.swift; sourceTree = "<group>"; };
		849036F121467F3B005201BD /* Sigil.swift */ = {isa = PBXFileReference; lastKnownFileType = sourcecode.swift; path = Sigil.swift; sourceTree = "<group>"; };
		849036F32146C194005201BD /* PersonTests.swift */ = {isa = PBXFileReference; lastKnownFileType = sourcecode.swift; path = PersonTests.swift; sourceTree = "<group>"; };
		849036F52146C1E2005201BD /* Person.swift */ = {isa = PBXFileReference; lastKnownFileType = sourcecode.swift; path = Person.swift; sourceTree = "<group>"; };
		84EA1D37215189AD00F92B06 /* MemberListViewController.swift */ = {isa = PBXFileReference; lastKnownFileType = sourcecode.swift; path = MemberListViewController.swift; sourceTree = "<group>"; };
		84EA1D38215189AD00F92B06 /* MemberListViewController.xib */ = {isa = PBXFileReference; lastKnownFileType = file.xib; path = MemberListViewController.xib; sourceTree = "<group>"; };
/* End PBXFileReference section */

/* Begin PBXFrameworksBuildPhase section */
		849036C62146688F005201BD /* Frameworks */ = {
			isa = PBXFrameworksBuildPhase;
			buildActionMask = 2147483647;
			files = (
			);
			runOnlyForDeploymentPostprocessing = 0;
		};
		849036DA21466890005201BD /* Frameworks */ = {
			isa = PBXFrameworksBuildPhase;
			buildActionMask = 2147483647;
			files = (
			);
			runOnlyForDeploymentPostprocessing = 0;
		};
/* End PBXFrameworksBuildPhase section */

/* Begin PBXGroup section */
		840570422149A1C800BDCDB4 /* Resources */ = {
			isa = PBXGroup;
			children = (
				8405703C2149A1AC00BDCDB4 /* codeIsComing.png */,
				8405703E2149A1B400BDCDB4 /* lannister.jpg */,
				8405703F2149A1B400BDCDB4 /* targaryenSmall.jpg */,
			);
			path = Resources;
			sourceTree = "<group>";
		};
		840570432149A2B200BDCDB4 /* Controllers */ = {
			isa = PBXGroup;
			children = (
				840570442149A32100BDCDB4 /* HouseDetailViewController.swift */,
				840570452149A32100BDCDB4 /* HouseDetailViewController.xib */,
				8414C7CF2150339A00077E80 /* WikiViewController.swift */,
				8414C7D02150339A00077E80 /* WikiViewController.xib */,
				840111C721515B260065D573 /* HouseListViewController.swift */,
				840111C821515B260065D573 /* HouseListViewController.xib */,
				84EA1D37215189AD00F92B06 /* MemberListViewController.swift */,
				84EA1D38215189AD00F92B06 /* MemberListViewController.xib */,
			);
			path = Controllers;
			sourceTree = "<group>";
		};
		840570482149B9AA00BDCDB4 /* Additions */ = {
			isa = PBXGroup;
			children = (
				840570492149B9F400BDCDB4 /* UIViewController+Navigation.swift */,
				84425B6A21594DE2007F4131 /* Notification+Name.swift */,
			);
			path = Additions;
			sourceTree = "<group>";
		};
		8405704D2149BCCE00BDCDB4 /* Repositories */ = {
			isa = PBXGroup;
			children = (
				8405704E2149BCE200BDCDB4 /* Repository.swift */,
			);
			path = Repositories;
			sourceTree = "<group>";
		};
		849036C02146688F005201BD = {
			isa = PBXGroup;
			children = (
				840570502149C40600BDCDB4 /* FuncionesDeAltoNivelYClausuras.playground */,
				849036CB2146688F005201BD /* Westeros */,
				849036E021466890005201BD /* WesterosTests */,
				849036CA2146688F005201BD /* Products */,
			);
			sourceTree = "<group>";
		};
		849036CA2146688F005201BD /* Products */ = {
			isa = PBXGroup;
			children = (
				849036C92146688F005201BD /* Westeros.app */,
				849036DD21466890005201BD /* WesterosTests.xctest */,
			);
			name = Products;
			sourceTree = "<group>";
		};
		849036CB2146688F005201BD /* Westeros */ = {
			isa = PBXGroup;
			children = (
				84425B682152AC90007F4131 /* Constants.swift */,
				840570482149B9AA00BDCDB4 /* Additions */,
				840570432149A2B200BDCDB4 /* Controllers */,
				840570422149A1C800BDCDB4 /* Resources */,
				849036EE214675D9005201BD /* Domain */,
				849036CC2146688F005201BD /* AppDelegate.swift */,
				849036D321466890005201BD /* Assets.xcassets */,
				849036D521466890005201BD /* LaunchScreen.storyboard */,
				849036D821466890005201BD /* Info.plist */,
			);
			path = Westeros;
			sourceTree = "<group>";
		};
		849036E021466890005201BD /* WesterosTests */ = {
			isa = PBXGroup;
			children = (
				849036E321466890005201BD /* Info.plist */,
				849036EC21467446005201BD /* HouseTests.swift */,
				849036F32146C194005201BD /* PersonTests.swift */,
				8405704B2149BC0800BDCDB4 /* RepositoryTests.swift */,
			);
			path = WesterosTests;
			sourceTree = "<group>";
		};
		849036EE214675D9005201BD /* Domain */ = {
			isa = PBXGroup;
			children = (
				8405704D2149BCCE00BDCDB4 /* Repositories */,
				849036EF214675FF005201BD /* House.swift */,
				849036F121467F3B005201BD /* Sigil.swift */,
				849036F52146C1E2005201BD /* Person.swift */,
			);
			path = Domain;
			sourceTree = "<group>";
		};
/* End PBXGroup section */

/* Begin PBXNativeTarget section */
		849036C82146688F005201BD /* Westeros */ = {
			isa = PBXNativeTarget;
			buildConfigurationList = 849036E621466890005201BD /* Build configuration list for PBXNativeTarget "Westeros" */;
			buildPhases = (
				849036C52146688F005201BD /* Sources */,
				849036C62146688F005201BD /* Frameworks */,
				849036C72146688F005201BD /* Resources */,
			);
			buildRules = (
			);
			dependencies = (
			);
			name = Westeros;
			productName = Westeros;
			productReference = 849036C92146688F005201BD /* Westeros.app */;
			productType = "com.apple.product-type.application";
		};
		849036DC21466890005201BD /* WesterosTests */ = {
			isa = PBXNativeTarget;
			buildConfigurationList = 849036E921466890005201BD /* Build configuration list for PBXNativeTarget "WesterosTests" */;
			buildPhases = (
				849036D921466890005201BD /* Sources */,
				849036DA21466890005201BD /* Frameworks */,
				849036DB21466890005201BD /* Resources */,
			);
			buildRules = (
			);
			dependencies = (
				849036DF21466890005201BD /* PBXTargetDependency */,
			);
			name = WesterosTests;
			productName = WesterosTests;
			productReference = 849036DD21466890005201BD /* WesterosTests.xctest */;
			productType = "com.apple.product-type.bundle.unit-test";
		};
/* End PBXNativeTarget section */

/* Begin PBXProject section */
		849036C12146688F005201BD /* Project object */ = {
			isa = PBXProject;
			attributes = {
				LastSwiftUpdateCheck = 1000;
				LastUpgradeCheck = 1000;
				ORGANIZATIONNAME = "Jose Julián Bustos Díaz";
				TargetAttributes = {
					849036C82146688F005201BD = {
						CreatedOnToolsVersion = 10.0;
					};
					849036DC21466890005201BD = {
						CreatedOnToolsVersion = 10.0;
						LastSwiftMigration = 1000;
						TestTargetID = 849036C82146688F005201BD;
					};
				};
			};
			buildConfigurationList = 849036C42146688F005201BD /* Build configuration list for PBXProject "Westeros" */;
			compatibilityVersion = "Xcode 9.3";
			developmentRegion = en;
			hasScannedForEncodings = 0;
			knownRegions = (
				en,
				Base,
			);
			mainGroup = 849036C02146688F005201BD;
			productRefGroup = 849036CA2146688F005201BD /* Products */;
			projectDirPath = "";
			projectRoot = "";
			targets = (
				849036C82146688F005201BD /* Westeros */,
				849036DC21466890005201BD /* WesterosTests */,
			);
		};
/* End PBXProject section */

/* Begin PBXResourcesBuildPhase section */
		849036C72146688F005201BD /* Resources */ = {
			isa = PBXResourcesBuildPhase;
			buildActionMask = 2147483647;
			files = (
				840570402149A1B400BDCDB4 /* lannister.jpg in Resources */,
				8414C7D22150339A00077E80 /* WikiViewController.xib in Resources */,
				840570412149A1B400BDCDB4 /* targaryenSmall.jpg in Resources */,
				840111CA21515B260065D573 /* HouseListViewController.xib in Resources */,
				84EA1D3A215189AD00F92B06 /* MemberListViewController.xib in Resources */,
				840570472149A32100BDCDB4 /* HouseDetailViewController.xib in Resources */,
				8405703D2149A1AC00BDCDB4 /* codeIsComing.png in Resources */,
				849036D721466890005201BD /* LaunchScreen.storyboard in Resources */,
				849036D421466890005201BD /* Assets.xcassets in Resources */,
			);
			runOnlyForDeploymentPostprocessing = 0;
		};
		849036DB21466890005201BD /* Resources */ = {
			isa = PBXResourcesBuildPhase;
			buildActionMask = 2147483647;
			files = (
			);
			runOnlyForDeploymentPostprocessing = 0;
		};
/* End PBXResourcesBuildPhase section */

/* Begin PBXSourcesBuildPhase section */
		849036C52146688F005201BD /* Sources */ = {
			isa = PBXSourcesBuildPhase;
			buildActionMask = 2147483647;
			files = (
				8405704F2149BCE200BDCDB4 /* Repository.swift in Sources */,
				84425B692152AC90007F4131 /* Constants.swift in Sources */,
				8405704A2149B9F400BDCDB4 /* UIViewController+Navigation.swift in Sources */,
				840570462149A32100BDCDB4 /* HouseDetailViewController.swift in Sources */,
				849036F221467F3B005201BD /* Sigil.swift in Sources */,
				84425B6B21594DE2007F4131 /* Notification+Name.swift in Sources */,
				84EA1D39215189AD00F92B06 /* MemberListViewController.swift in Sources */,
				849036F0214675FF005201BD /* House.swift in Sources */,
				849036CD2146688F005201BD /* AppDelegate.swift in Sources */,
				8414C7D12150339A00077E80 /* WikiViewController.swift in Sources */,
				849036F62146C1E2005201BD /* Person.swift in Sources */,
				840111C921515B260065D573 /* HouseListViewController.swift in Sources */,
			);
			runOnlyForDeploymentPostprocessing = 0;
		};
		849036D921466890005201BD /* Sources */ = {
			isa = PBXSourcesBuildPhase;
			buildActionMask = 2147483647;
			files = (
				849036ED21467446005201BD /* HouseTests.swift in Sources */,
				849036F42146C194005201BD /* PersonTests.swift in Sources */,
				8405704C2149BC0800BDCDB4 /* RepositoryTests.swift in Sources */,
			);
			runOnlyForDeploymentPostprocessing = 0;
		};
/* End PBXSourcesBuildPhase section */

/* Begin PBXTargetDependency section */
		849036DF21466890005201BD /* PBXTargetDependency */ = {
			isa = PBXTargetDependency;
			target = 849036C82146688F005201BD /* Westeros */;
			targetProxy = 849036DE21466890005201BD /* PBXContainerItemProxy */;
		};
/* End PBXTargetDependency section */

/* Begin PBXVariantGroup section */
		849036D521466890005201BD /* LaunchScreen.storyboard */ = {
			isa = PBXVariantGroup;
			children = (
				849036D621466890005201BD /* Base */,
			);
			name = LaunchScreen.storyboard;
			sourceTree = "<group>";
		};
/* End PBXVariantGroup section */

/* Begin XCBuildConfiguration section */
		849036E421466890005201BD /* Debug */ = {
			isa = XCBuildConfiguration;
			buildSettings = {
				ALWAYS_SEARCH_USER_PATHS = NO;
				CLANG_ANALYZER_NONNULL = YES;
				CLANG_ANALYZER_NUMBER_OBJECT_CONVERSION = YES_AGGRESSIVE;
				CLANG_CXX_LANGUAGE_STANDARD = "gnu++14";
				CLANG_CXX_LIBRARY = "libc++";
				CLANG_ENABLE_MODULES = YES;
				CLANG_ENABLE_OBJC_ARC = YES;
				CLANG_ENABLE_OBJC_WEAK = YES;
				CLANG_WARN_BLOCK_CAPTURE_AUTORELEASING = YES;
				CLANG_WARN_BOOL_CONVERSION = YES;
				CLANG_WARN_COMMA = YES;
				CLANG_WARN_CONSTANT_CONVERSION = YES;
				CLANG_WARN_DEPRECATED_OBJC_IMPLEMENTATIONS = YES;
				CLANG_WARN_DIRECT_OBJC_ISA_USAGE = YES_ERROR;
				CLANG_WARN_DOCUMENTATION_COMMENTS = YES;
				CLANG_WARN_EMPTY_BODY = YES;
				CLANG_WARN_ENUM_CONVERSION = YES;
				CLANG_WARN_INFINITE_RECURSION = YES;
				CLANG_WARN_INT_CONVERSION = YES;
				CLANG_WARN_NON_LITERAL_NULL_CONVERSION = YES;
				CLANG_WARN_OBJC_IMPLICIT_RETAIN_SELF = YES;
				CLANG_WARN_OBJC_LITERAL_CONVERSION = YES;
				CLANG_WARN_OBJC_ROOT_CLASS = YES_ERROR;
				CLANG_WARN_RANGE_LOOP_ANALYSIS = YES;
				CLANG_WARN_STRICT_PROTOTYPES = YES;
				CLANG_WARN_SUSPICIOUS_MOVE = YES;
				CLANG_WARN_UNGUARDED_AVAILABILITY = YES_AGGRESSIVE;
				CLANG_WARN_UNREACHABLE_CODE = YES;
				CLANG_WARN__DUPLICATE_METHOD_MATCH = YES;
				CODE_SIGN_IDENTITY = "iPhone Developer";
				COPY_PHASE_STRIP = NO;
				DEBUG_INFORMATION_FORMAT = dwarf;
				ENABLE_STRICT_OBJC_MSGSEND = YES;
				ENABLE_TESTABILITY = YES;
				GCC_C_LANGUAGE_STANDARD = gnu11;
				GCC_DYNAMIC_NO_PIC = NO;
				GCC_NO_COMMON_BLOCKS = YES;
				GCC_OPTIMIZATION_LEVEL = 0;
				GCC_PREPROCESSOR_DEFINITIONS = (
					"DEBUG=1",
					"$(inherited)",
				);
				GCC_WARN_64_TO_32_BIT_CONVERSION = YES;
				GCC_WARN_ABOUT_RETURN_TYPE = YES_ERROR;
				GCC_WARN_UNDECLARED_SELECTOR = YES;
				GCC_WARN_UNINITIALIZED_AUTOS = YES_AGGRESSIVE;
				GCC_WARN_UNUSED_FUNCTION = YES;
				GCC_WARN_UNUSED_VARIABLE = YES;
				IPHONEOS_DEPLOYMENT_TARGET = 12.0;
				MTL_ENABLE_DEBUG_INFO = INCLUDE_SOURCE;
				MTL_FAST_MATH = YES;
				ONLY_ACTIVE_ARCH = YES;
				SDKROOT = iphoneos;
				SWIFT_ACTIVE_COMPILATION_CONDITIONS = DEBUG;
				SWIFT_OPTIMIZATION_LEVEL = "-Onone";
			};
			name = Debug;
		};
		849036E521466890005201BD /* Release */ = {
			isa = XCBuildConfiguration;
			buildSettings = {
				ALWAYS_SEARCH_USER_PATHS = NO;
				CLANG_ANALYZER_NONNULL = YES;
				CLANG_ANALYZER_NUMBER_OBJECT_CONVERSION = YES_AGGRESSIVE;
				CLANG_CXX_LANGUAGE_STANDARD = "gnu++14";
				CLANG_CXX_LIBRARY = "libc++";
				CLANG_ENABLE_MODULES = YES;
				CLANG_ENABLE_OBJC_ARC = YES;
				CLANG_ENABLE_OBJC_WEAK = YES;
				CLANG_WARN_BLOCK_CAPTURE_AUTORELEASING = YES;
				CLANG_WARN_BOOL_CONVERSION = YES;
				CLANG_WARN_COMMA = YES;
				CLANG_WARN_CONSTANT_CONVERSION = YES;
				CLANG_WARN_DEPRECATED_OBJC_IMPLEMENTATIONS = YES;
				CLANG_WARN_DIRECT_OBJC_ISA_USAGE = YES_ERROR;
				CLANG_WARN_DOCUMENTATION_COMMENTS = YES;
				CLANG_WARN_EMPTY_BODY = YES;
				CLANG_WARN_ENUM_CONVERSION = YES;
				CLANG_WARN_INFINITE_RECURSION = YES;
				CLANG_WARN_INT_CONVERSION = YES;
				CLANG_WARN_NON_LITERAL_NULL_CONVERSION = YES;
				CLANG_WARN_OBJC_IMPLICIT_RETAIN_SELF = YES;
				CLANG_WARN_OBJC_LITERAL_CONVERSION = YES;
				CLANG_WARN_OBJC_ROOT_CLASS = YES_ERROR;
				CLANG_WARN_RANGE_LOOP_ANALYSIS = YES;
				CLANG_WARN_STRICT_PROTOTYPES = YES;
				CLANG_WARN_SUSPICIOUS_MOVE = YES;
				CLANG_WARN_UNGUARDED_AVAILABILITY = YES_AGGRESSIVE;
				CLANG_WARN_UNREACHABLE_CODE = YES;
				CLANG_WARN__DUPLICATE_METHOD_MATCH = YES;
				CODE_SIGN_IDENTITY = "iPhone Developer";
				COPY_PHASE_STRIP = NO;
				DEBUG_INFORMATION_FORMAT = "dwarf-with-dsym";
				ENABLE_NS_ASSERTIONS = NO;
				ENABLE_STRICT_OBJC_MSGSEND = YES;
				GCC_C_LANGUAGE_STANDARD = gnu11;
				GCC_NO_COMMON_BLOCKS = YES;
				GCC_WARN_64_TO_32_BIT_CONVERSION = YES;
				GCC_WARN_ABOUT_RETURN_TYPE = YES_ERROR;
				GCC_WARN_UNDECLARED_SELECTOR = YES;
				GCC_WARN_UNINITIALIZED_AUTOS = YES_AGGRESSIVE;
				GCC_WARN_UNUSED_FUNCTION = YES;
				GCC_WARN_UNUSED_VARIABLE = YES;
				IPHONEOS_DEPLOYMENT_TARGET = 12.0;
				MTL_ENABLE_DEBUG_INFO = NO;
				MTL_FAST_MATH = YES;
				SDKROOT = iphoneos;
				SWIFT_COMPILATION_MODE = wholemodule;
				SWIFT_OPTIMIZATION_LEVEL = "-O";
				VALIDATE_PRODUCT = YES;
			};
			name = Release;
		};
		849036E721466890005201BD /* Debug */ = {
			isa = XCBuildConfiguration;
			buildSettings = {
				ASSETCATALOG_COMPILER_APPICON_NAME = AppIcon;
				CODE_SIGN_STYLE = Automatic;
				DEVELOPMENT_TEAM = 7M6F2XX9TB;
				INFOPLIST_FILE = Westeros/Info.plist;
				LD_RUNPATH_SEARCH_PATHS = (
					"$(inherited)",
					"@executable_path/Frameworks",
				);
				PRODUCT_BUNDLE_IDENTIFIER = com.jotabustos.Westeros;
				PRODUCT_NAME = "$(TARGET_NAME)";
				SWIFT_VERSION = 4.2;
				TARGETED_DEVICE_FAMILY = "1,2";
			};
			name = Debug;
		};
		849036E821466890005201BD /* Release */ = {
			isa = XCBuildConfiguration;
			buildSettings = {
				ASSETCATALOG_COMPILER_APPICON_NAME = AppIcon;
				CODE_SIGN_STYLE = Automatic;
				DEVELOPMENT_TEAM = 7M6F2XX9TB;
				INFOPLIST_FILE = Westeros/Info.plist;
				LD_RUNPATH_SEARCH_PATHS = (
					"$(inherited)",
					"@executable_path/Frameworks",
				);
				PRODUCT_BUNDLE_IDENTIFIER = com.jotabustos.Westeros;
				PRODUCT_NAME = "$(TARGET_NAME)";
				SWIFT_VERSION = 4.2;
				TARGETED_DEVICE_FAMILY = "1,2";
			};
			name = Release;
		};
		849036EA21466890005201BD /* Debug */ = {
			isa = XCBuildConfiguration;
			buildSettings = {
				ALWAYS_EMBED_SWIFT_STANDARD_LIBRARIES = YES;
				BUNDLE_LOADER = "$(TEST_HOST)";
				CLANG_ENABLE_MODULES = YES;
				CODE_SIGN_STYLE = Automatic;
				DEVELOPMENT_TEAM = 7M6F2XX9TB;
				INFOPLIST_FILE = WesterosTests/Info.plist;
				LD_RUNPATH_SEARCH_PATHS = (
					"$(inherited)",
					"@executable_path/Frameworks",
					"@loader_path/Frameworks",
				);
				PRODUCT_BUNDLE_IDENTIFIER = com.jotabustos.WesterosTests;
				PRODUCT_NAME = "$(TARGET_NAME)";
				SWIFT_OPTIMIZATION_LEVEL = "-Onone";
				SWIFT_VERSION = 4.2;
				TARGETED_DEVICE_FAMILY = "1,2";
				TEST_HOST = "$(BUILT_PRODUCTS_DIR)/Westeros.app/Westeros";
			};
			name = Debug;
		};
		849036EB21466890005201BD /* Release */ = {
			isa = XCBuildConfiguration;
			buildSettings = {
				ALWAYS_EMBED_SWIFT_STANDARD_LIBRARIES = YES;
				BUNDLE_LOADER = "$(TEST_HOST)";
				CLANG_ENABLE_MODULES = YES;
				CODE_SIGN_STYLE = Automatic;
				DEVELOPMENT_TEAM = 7M6F2XX9TB;
				INFOPLIST_FILE = WesterosTests/Info.plist;
				LD_RUNPATH_SEARCH_PATHS = (
					"$(inherited)",
					"@executable_path/Frameworks",
					"@loader_path/Frameworks",
				);
				PRODUCT_BUNDLE_IDENTIFIER = com.jotabustos.WesterosTests;
				PRODUCT_NAME = "$(TARGET_NAME)";
				SWIFT_VERSION = 4.2;
				TARGETED_DEVICE_FAMILY = "1,2";
				TEST_HOST = "$(BUILT_PRODUCTS_DIR)/Westeros.app/Westeros";
			};
			name = Release;
		};
/* End XCBuildConfiguration section */

/* Begin XCConfigurationList section */
		849036C42146688F005201BD /* Build configuration list for PBXProject "Westeros" */ = {
			isa = XCConfigurationList;
			buildConfigurations = (
				849036E421466890005201BD /* Debug */,
				849036E521466890005201BD /* Release */,
			);
			defaultConfigurationIsVisible = 0;
			defaultConfigurationName = Release;
		};
		849036E621466890005201BD /* Build configuration list for PBXNativeTarget "Westeros" */ = {
			isa = XCConfigurationList;
			buildConfigurations = (
				849036E721466890005201BD /* Debug */,
				849036E821466890005201BD /* Release */,
			);
			defaultConfigurationIsVisible = 0;
			defaultConfigurationName = Release;
		};
		849036E921466890005201BD /* Build configuration list for PBXNativeTarget "WesterosTests" */ = {
			isa = XCConfigurationList;
			buildConfigurations = (
				849036EA21466890005201BD /* Debug */,
				849036EB21466890005201BD /* Release */,
			);
			defaultConfigurationIsVisible = 0;
			defaultConfigurationName = Release;
		};
/* End XCConfigurationList section */
	};
	rootObject = 849036C12146688F005201BD /* Project object */;
}
